// !$*UTF8*$!
{
	archiveVersion = 1;
	classes = {
	};
	objectVersion = 55;
	objects = {

/* Begin PBXBuildFile section */
		791423C528465F8D00195225 /* OSKUIColor.swift in Sources */ = {isa = PBXBuildFile; fileRef = 79F7E8D32845FCCA00AB778C /* OSKUIColor.swift */; };
		791423C628465F9200195225 /* OSKUIMyCarouselStyle.swift in Sources */ = {isa = PBXBuildFile; fileRef = 79F7E8D528461E9400AB778C /* OSKUIMyCarouselStyle.swift */; };
		79F7E8BE2845FA0700AB778C /* OSKUICarouselApp.swift in Sources */ = {isa = PBXBuildFile; fileRef = 79F7E8AE2845FA0600AB778C /* OSKUICarouselApp.swift */; };
		79F7E8BF2845FA0700AB778C /* OSKUICarouselApp.swift in Sources */ = {isa = PBXBuildFile; fileRef = 79F7E8AE2845FA0600AB778C /* OSKUICarouselApp.swift */; };
		79F7E8C02845FA0700AB778C /* OSKUIContentView.swift in Sources */ = {isa = PBXBuildFile; fileRef = 79F7E8AF2845FA0600AB778C /* OSKUIContentView.swift */; };
		79F7E8C12845FA0700AB778C /* OSKUIContentView.swift in Sources */ = {isa = PBXBuildFile; fileRef = 79F7E8AF2845FA0600AB778C /* OSKUIContentView.swift */; };
		79F7E8C22845FA0700AB778C /* Assets.xcassets in Resources */ = {isa = PBXBuildFile; fileRef = 79F7E8B02845FA0700AB778C /* Assets.xcassets */; };
		79F7E8C32845FA0700AB778C /* Assets.xcassets in Resources */ = {isa = PBXBuildFile; fileRef = 79F7E8B02845FA0700AB778C /* Assets.xcassets */; };
		79F7E8CE2845FA5900AB778C /* OSKUICarousel in Frameworks */ = {isa = PBXBuildFile; productRef = 79F7E8CD2845FA5900AB778C /* OSKUICarousel */; };
		79F7E8D42845FCCA00AB778C /* OSKUIColor.swift in Sources */ = {isa = PBXBuildFile; fileRef = 79F7E8D32845FCCA00AB778C /* OSKUIColor.swift */; };
		79F7E8D628461E9400AB778C /* OSKUIMyCarouselStyle.swift in Sources */ = {isa = PBXBuildFile; fileRef = 79F7E8D528461E9400AB778C /* OSKUIMyCarouselStyle.swift */; };
/* End PBXBuildFile section */

/* Begin PBXFileReference section */
		79F7E8AE2845FA0600AB778C /* OSKUICarouselApp.swift */ = {isa = PBXFileReference; lastKnownFileType = sourcecode.swift; path = OSKUICarouselApp.swift; sourceTree = "<group>"; };
		79F7E8AF2845FA0600AB778C /* OSKUIContentView.swift */ = {isa = PBXFileReference; lastKnownFileType = sourcecode.swift; path = OSKUIContentView.swift; sourceTree = "<group>"; };
		79F7E8B02845FA0700AB778C /* Assets.xcassets */ = {isa = PBXFileReference; lastKnownFileType = folder.assetcatalog; path = Assets.xcassets; sourceTree = "<group>"; };
		79F7E8B52845FA0700AB778C /* OSKUICarouselApp.app */ = {isa = PBXFileReference; explicitFileType = wrapper.application; includeInIndex = 0; path = OSKUICarouselApp.app; sourceTree = BUILT_PRODUCTS_DIR; };
		79F7E8BB2845FA0700AB778C /* OSKUICarouselApp.app */ = {isa = PBXFileReference; explicitFileType = wrapper.application; includeInIndex = 0; path = OSKUICarouselApp.app; sourceTree = BUILT_PRODUCTS_DIR; };
		79F7E8BD2845FA0700AB778C /* macOS.entitlements */ = {isa = PBXFileReference; lastKnownFileType = text.plist.entitlements; path = macOS.entitlements; sourceTree = "<group>"; };
		79F7E8D32845FCCA00AB778C /* OSKUIColor.swift */ = {isa = PBXFileReference; lastKnownFileType = sourcecode.swift; path = OSKUIColor.swift; sourceTree = "<group>"; };
		79F7E8D528461E9400AB778C /* OSKUIMyCarouselStyle.swift */ = {isa = PBXFileReference; lastKnownFileType = sourcecode.swift; path = OSKUIMyCarouselStyle.swift; sourceTree = "<group>"; };
		79F7E8D728465AF300AB778C /* swift-ui-carousel-oskey-org */ = {isa = PBXFileReference; lastKnownFileType = wrapper; name = "swift-ui-carousel-oskey-org"; path = ../..; sourceTree = "<group>"; };
/* End PBXFileReference section */

/* Begin PBXFrameworksBuildPhase section */
		79F7E8B22845FA0700AB778C /* Frameworks */ = {
			isa = PBXFrameworksBuildPhase;
			buildActionMask = 2147483647;
			files = (
				79F7E8CE2845FA5900AB778C /* OSKUICarousel in Frameworks */,
			);
			runOnlyForDeploymentPostprocessing = 0;
		};
		79F7E8B82845FA0700AB778C /* Frameworks */ = {
			isa = PBXFrameworksBuildPhase;
			buildActionMask = 2147483647;
			files = (
			);
			runOnlyForDeploymentPostprocessing = 0;
		};
/* End PBXFrameworksBuildPhase section */

/* Begin PBXGroup section */
		79F7E8A82845FA0600AB778C = {
			isa = PBXGroup;
			children = (
				79F7E8D728465AF300AB778C /* swift-ui-carousel-oskey-org */,
				79F7E8AD2845FA0600AB778C /* Shared */,
				79F7E8BC2845FA0700AB778C /* macOS */,
				79F7E8B62845FA0700AB778C /* Products */,
			);
			sourceTree = "<group>";
		};
		79F7E8AD2845FA0600AB778C /* Shared */ = {
			isa = PBXGroup;
			children = (
				79F7E8B02845FA0700AB778C /* Assets.xcassets */,
				79F7E8AE2845FA0600AB778C /* OSKUICarouselApp.swift */,
				79F7E8D12845FC9D00AB778C /* Models */,
				79F7E8D22845FCA400AB778C /* Views */,
			);
			path = Shared;
			sourceTree = "<group>";
		};
		79F7E8B62845FA0700AB778C /* Products */ = {
			isa = PBXGroup;
			children = (
				79F7E8B52845FA0700AB778C /* OSKUICarouselApp.app */,
				79F7E8BB2845FA0700AB778C /* OSKUICarouselApp.app */,
			);
			name = Products;
			sourceTree = "<group>";
		};
		79F7E8BC2845FA0700AB778C /* macOS */ = {
			isa = PBXGroup;
			children = (
				79F7E8BD2845FA0700AB778C /* macOS.entitlements */,
			);
			path = macOS;
			sourceTree = "<group>";
		};
		79F7E8D12845FC9D00AB778C /* Models */ = {
			isa = PBXGroup;
			children = (
				79F7E8D32845FCCA00AB778C /* OSKUIColor.swift */,
			);
			path = Models;
			sourceTree = "<group>";
		};
		79F7E8D22845FCA400AB778C /* Views */ = {
			isa = PBXGroup;
			children = (
				79F7E8AF2845FA0600AB778C /* OSKUIContentView.swift */,
				79F7E8D528461E9400AB778C /* OSKUIMyCarouselStyle.swift */,
			);
			path = Views;
			sourceTree = "<group>";
		};
/* End PBXGroup section */

/* Begin PBXNativeTarget section */
		79F7E8B42845FA0700AB778C /* OSKUICarouselApp (iOS) */ = {
			isa = PBXNativeTarget;
			buildConfigurationList = 79F7E8C62845FA0700AB778C /* Build configuration list for PBXNativeTarget "OSKUICarouselApp (iOS)" */;
			buildPhases = (
				79F7E8B12845FA0700AB778C /* Sources */,
				79F7E8B22845FA0700AB778C /* Frameworks */,
				79F7E8B32845FA0700AB778C /* Resources */,
			);
			buildRules = (
			);
			dependencies = (
			);
			name = "OSKUICarouselApp (iOS)";
			packageProductDependencies = (
				79F7E8CD2845FA5900AB778C /* OSKUICarousel */,
			);
			productName = "OSKUICarouselApp (iOS)";
			productReference = 79F7E8B52845FA0700AB778C /* OSKUICarouselApp.app */;
			productType = "com.apple.product-type.application";
		};
		79F7E8BA2845FA0700AB778C /* OSKUICarouselApp (macOS) */ = {
			isa = PBXNativeTarget;
			buildConfigurationList = 79F7E8C92845FA0700AB778C /* Build configuration list for PBXNativeTarget "OSKUICarouselApp (macOS)" */;
			buildPhases = (
				79F7E8B72845FA0700AB778C /* Sources */,
				79F7E8B82845FA0700AB778C /* Frameworks */,
				79F7E8B92845FA0700AB778C /* Resources */,
			);
			buildRules = (
			);
			dependencies = (
			);
			name = "OSKUICarouselApp (macOS)";
			productName = "OSKUICarouselApp (macOS)";
			productReference = 79F7E8BB2845FA0700AB778C /* OSKUICarouselApp.app */;
			productType = "com.apple.product-type.application";
		};
/* End PBXNativeTarget section */

/* Begin PBXProject section */
		79F7E8A92845FA0600AB778C /* Project object */ = {
			isa = PBXProject;
			attributes = {
				BuildIndependentTargetsInParallel = 1;
				CLASSPREFIX = OSKUI;
				LastSwiftUpdateCheck = 1340;
				LastUpgradeCheck = 1340;
				ORGANIZATIONNAME = "OSkey SAS";
				TargetAttributes = {
					79F7E8B42845FA0700AB778C = {
						CreatedOnToolsVersion = 13.4;
					};
					79F7E8BA2845FA0700AB778C = {
						CreatedOnToolsVersion = 13.4;
					};
				};
			};
			buildConfigurationList = 79F7E8AC2845FA0600AB778C /* Build configuration list for PBXProject "OSKUICarouselApp" */;
			compatibilityVersion = "Xcode 13.0";
			developmentRegion = en;
			hasScannedForEncodings = 0;
			knownRegions = (
				en,
				Base,
			);
			mainGroup = 79F7E8A82845FA0600AB778C;
			packageReferences = (
				79F7E8CC2845FA5900AB778C /* XCRemoteSwiftPackageReference "swift-ui-carousel-oskey-org" */,
			);
			productRefGroup = 79F7E8B62845FA0700AB778C /* Products */;
			projectDirPath = "";
			projectRoot = "";
			targets = (
				79F7E8B42845FA0700AB778C /* OSKUICarouselApp (iOS) */,
				79F7E8BA2845FA0700AB778C /* OSKUICarouselApp (macOS) */,
			);
		};
/* End PBXProject section */

/* Begin PBXResourcesBuildPhase section */
		79F7E8B32845FA0700AB778C /* Resources */ = {
			isa = PBXResourcesBuildPhase;
			buildActionMask = 2147483647;
			files = (
				79F7E8C22845FA0700AB778C /* Assets.xcassets in Resources */,
			);
			runOnlyForDeploymentPostprocessing = 0;
		};
		79F7E8B92845FA0700AB778C /* Resources */ = {
			isa = PBXResourcesBuildPhase;
			buildActionMask = 2147483647;
			files = (
				79F7E8C32845FA0700AB778C /* Assets.xcassets in Resources */,
			);
			runOnlyForDeploymentPostprocessing = 0;
		};
/* End PBXResourcesBuildPhase section */

/* Begin PBXSourcesBuildPhase section */
		79F7E8B12845FA0700AB778C /* Sources */ = {
			isa = PBXSourcesBuildPhase;
			buildActionMask = 2147483647;
			files = (
				79F7E8D42845FCCA00AB778C /* OSKUIColor.swift in Sources */,
				79F7E8D628461E9400AB778C /* OSKUIMyCarouselStyle.swift in Sources */,
				79F7E8C02845FA0700AB778C /* OSKUIContentView.swift in Sources */,
				79F7E8BE2845FA0700AB778C /* OSKUICarouselApp.swift in Sources */,
			);
			runOnlyForDeploymentPostprocessing = 0;
		};
		79F7E8B72845FA0700AB778C /* Sources */ = {
			isa = PBXSourcesBuildPhase;
			buildActionMask = 2147483647;
			files = (
				79F7E8C12845FA0700AB778C /* OSKUIContentView.swift in Sources */,
				791423C628465F9200195225 /* OSKUIMyCarouselStyle.swift in Sources */,
				79F7E8BF2845FA0700AB778C /* OSKUICarouselApp.swift in Sources */,
				791423C528465F8D00195225 /* OSKUIColor.swift in Sources */,
			);
			runOnlyForDeploymentPostprocessing = 0;
		};
/* End PBXSourcesBuildPhase section */

/* Begin XCBuildConfiguration section */
		79F7E8C42845FA0700AB778C /* Debug */ = {
			isa = XCBuildConfiguration;
			buildSettings = {
				ALWAYS_SEARCH_USER_PATHS = NO;
				CLANG_ANALYZER_NONNULL = YES;
				CLANG_ANALYZER_NUMBER_OBJECT_CONVERSION = YES_AGGRESSIVE;
				CLANG_CXX_LANGUAGE_STANDARD = "gnu++17";
				CLANG_ENABLE_MODULES = YES;
				CLANG_ENABLE_OBJC_ARC = YES;
				CLANG_ENABLE_OBJC_WEAK = YES;
				CLANG_WARN_BLOCK_CAPTURE_AUTORELEASING = YES;
				CLANG_WARN_BOOL_CONVERSION = YES;
				CLANG_WARN_COMMA = YES;
				CLANG_WARN_CONSTANT_CONVERSION = YES;
				CLANG_WARN_DEPRECATED_OBJC_IMPLEMENTATIONS = YES;
				CLANG_WARN_DIRECT_OBJC_ISA_USAGE = YES_ERROR;
				CLANG_WARN_DOCUMENTATION_COMMENTS = YES;
				CLANG_WARN_EMPTY_BODY = YES;
				CLANG_WARN_ENUM_CONVERSION = YES;
				CLANG_WARN_INFINITE_RECURSION = YES;
				CLANG_WARN_INT_CONVERSION = YES;
				CLANG_WARN_NON_LITERAL_NULL_CONVERSION = YES;
				CLANG_WARN_OBJC_IMPLICIT_RETAIN_SELF = YES;
				CLANG_WARN_OBJC_LITERAL_CONVERSION = YES;
				CLANG_WARN_OBJC_ROOT_CLASS = YES_ERROR;
				CLANG_WARN_QUOTED_INCLUDE_IN_FRAMEWORK_HEADER = YES;
				CLANG_WARN_RANGE_LOOP_ANALYSIS = YES;
				CLANG_WARN_STRICT_PROTOTYPES = YES;
				CLANG_WARN_SUSPICIOUS_MOVE = YES;
				CLANG_WARN_UNGUARDED_AVAILABILITY = YES_AGGRESSIVE;
				CLANG_WARN_UNREACHABLE_CODE = YES;
				CLANG_WARN__DUPLICATE_METHOD_MATCH = YES;
				COPY_PHASE_STRIP = NO;
				DEBUG_INFORMATION_FORMAT = dwarf;
				ENABLE_STRICT_OBJC_MSGSEND = YES;
				ENABLE_TESTABILITY = YES;
				GCC_C_LANGUAGE_STANDARD = gnu11;
				GCC_DYNAMIC_NO_PIC = NO;
				GCC_NO_COMMON_BLOCKS = YES;
				GCC_OPTIMIZATION_LEVEL = 0;
				GCC_PREPROCESSOR_DEFINITIONS = (
					"DEBUG=1",
					"$(inherited)",
				);
				GCC_WARN_64_TO_32_BIT_CONVERSION = YES;
				GCC_WARN_ABOUT_RETURN_TYPE = YES_ERROR;
				GCC_WARN_UNDECLARED_SELECTOR = YES;
				GCC_WARN_UNINITIALIZED_AUTOS = YES_AGGRESSIVE;
				GCC_WARN_UNUSED_FUNCTION = YES;
				GCC_WARN_UNUSED_VARIABLE = YES;
				MTL_ENABLE_DEBUG_INFO = INCLUDE_SOURCE;
				MTL_FAST_MATH = YES;
				ONLY_ACTIVE_ARCH = YES;
				SWIFT_ACTIVE_COMPILATION_CONDITIONS = DEBUG;
				SWIFT_OPTIMIZATION_LEVEL = "-Onone";
			};
			name = Debug;
		};
		79F7E8C52845FA0700AB778C /* Release */ = {
			isa = XCBuildConfiguration;
			buildSettings = {
				ALWAYS_SEARCH_USER_PATHS = NO;
				CLANG_ANALYZER_NONNULL = YES;
				CLANG_ANALYZER_NUMBER_OBJECT_CONVERSION = YES_AGGRESSIVE;
				CLANG_CXX_LANGUAGE_STANDARD = "gnu++17";
				CLANG_ENABLE_MODULES = YES;
				CLANG_ENABLE_OBJC_ARC = YES;
				CLANG_ENABLE_OBJC_WEAK = YES;
				CLANG_WARN_BLOCK_CAPTURE_AUTORELEASING = YES;
				CLANG_WARN_BOOL_CONVERSION = YES;
				CLANG_WARN_COMMA = YES;
				CLANG_WARN_CONSTANT_CONVERSION = YES;
				CLANG_WARN_DEPRECATED_OBJC_IMPLEMENTATIONS = YES;
				CLANG_WARN_DIRECT_OBJC_ISA_USAGE = YES_ERROR;
				CLANG_WARN_DOCUMENTATION_COMMENTS = YES;
				CLANG_WARN_EMPTY_BODY = YES;
				CLANG_WARN_ENUM_CONVERSION = YES;
				CLANG_WARN_INFINITE_RECURSION = YES;
				CLANG_WARN_INT_CONVERSION = YES;
				CLANG_WARN_NON_LITERAL_NULL_CONVERSION = YES;
				CLANG_WARN_OBJC_IMPLICIT_RETAIN_SELF = YES;
				CLANG_WARN_OBJC_LITERAL_CONVERSION = YES;
				CLANG_WARN_OBJC_ROOT_CLASS = YES_ERROR;
				CLANG_WARN_QUOTED_INCLUDE_IN_FRAMEWORK_HEADER = YES;
				CLANG_WARN_RANGE_LOOP_ANALYSIS = YES;
				CLANG_WARN_STRICT_PROTOTYPES = YES;
				CLANG_WARN_SUSPICIOUS_MOVE = YES;
				CLANG_WARN_UNGUARDED_AVAILABILITY = YES_AGGRESSIVE;
				CLANG_WARN_UNREACHABLE_CODE = YES;
				CLANG_WARN__DUPLICATE_METHOD_MATCH = YES;
				COPY_PHASE_STRIP = NO;
				DEBUG_INFORMATION_FORMAT = "dwarf-with-dsym";
				ENABLE_NS_ASSERTIONS = NO;
				ENABLE_STRICT_OBJC_MSGSEND = YES;
				GCC_C_LANGUAGE_STANDARD = gnu11;
				GCC_NO_COMMON_BLOCKS = YES;
				GCC_WARN_64_TO_32_BIT_CONVERSION = YES;
				GCC_WARN_ABOUT_RETURN_TYPE = YES_ERROR;
				GCC_WARN_UNDECLARED_SELECTOR = YES;
				GCC_WARN_UNINITIALIZED_AUTOS = YES_AGGRESSIVE;
				GCC_WARN_UNUSED_FUNCTION = YES;
				GCC_WARN_UNUSED_VARIABLE = YES;
				MTL_ENABLE_DEBUG_INFO = NO;
				MTL_FAST_MATH = YES;
				SWIFT_COMPILATION_MODE = wholemodule;
				SWIFT_OPTIMIZATION_LEVEL = "-O";
			};
			name = Release;
		};
		79F7E8C72845FA0700AB778C /* Debug */ = {
			isa = XCBuildConfiguration;
			buildSettings = {
				ASSETCATALOG_COMPILER_APPICON_NAME = AppIcon;
				ASSETCATALOG_COMPILER_GLOBAL_ACCENT_COLOR_NAME = AccentColor;
				CODE_SIGN_STYLE = Automatic;
				CURRENT_PROJECT_VERSION = 1;
				DEVELOPMENT_TEAM = DE65J7Y35D;
				ENABLE_PREVIEWS = YES;
				GENERATE_INFOPLIST_FILE = YES;
				INFOPLIST_KEY_UIApplicationSceneManifest_Generation = YES;
				INFOPLIST_KEY_UIApplicationSupportsIndirectInputEvents = YES;
				INFOPLIST_KEY_UILaunchScreen_Generation = YES;
				INFOPLIST_KEY_UISupportedInterfaceOrientations_iPad = "UIInterfaceOrientationPortrait UIInterfaceOrientationPortraitUpsideDown UIInterfaceOrientationLandscapeLeft UIInterfaceOrientationLandscapeRight";
				INFOPLIST_KEY_UISupportedInterfaceOrientations_iPhone = "UIInterfaceOrientationPortrait UIInterfaceOrientationLandscapeLeft UIInterfaceOrientationLandscapeRight";
				IPHONEOS_DEPLOYMENT_TARGET = 15.5;
				LD_RUNPATH_SEARCH_PATHS = (
					"$(inherited)",
					"@executable_path/Frameworks",
				);
				MARKETING_VERSION = 1.0;
				PRODUCT_BUNDLE_IDENTIFIER = org.oskey.OSKUICarouselApp;
				PRODUCT_NAME = OSKUICarouselApp;
				SDKROOT = iphoneos;
				SWIFT_EMIT_LOC_STRINGS = YES;
				SWIFT_VERSION = 5.0;
				TARGETED_DEVICE_FAMILY = 1;
			};
			name = Debug;
		};
		79F7E8C82845FA0700AB778C /* Release */ = {
			isa = XCBuildConfiguration;
			buildSettings = {
				ASSETCATALOG_COMPILER_APPICON_NAME = AppIcon;
				ASSETCATALOG_COMPILER_GLOBAL_ACCENT_COLOR_NAME = AccentColor;
				CODE_SIGN_STYLE = Automatic;
				CURRENT_PROJECT_VERSION = 1;
				DEVELOPMENT_TEAM = DE65J7Y35D;
				ENABLE_PREVIEWS = YES;
				GENERATE_INFOPLIST_FILE = YES;
				INFOPLIST_KEY_UIApplicationSceneManifest_Generation = YES;
				INFOPLIST_KEY_UIApplicationSupportsIndirectInputEvents = YES;
				INFOPLIST_KEY_UILaunchScreen_Generation = YES;
				INFOPLIST_KEY_UISupportedInterfaceOrientations_iPad = "UIInterfaceOrientationPortrait UIInterfaceOrientationPortraitUpsideDown UIInterfaceOrientationLandscapeLeft UIInterfaceOrientationLandscapeRight";
				INFOPLIST_KEY_UISupportedInterfaceOrientations_iPhone = "UIInterfaceOrientationPortrait UIInterfaceOrientationLandscapeLeft UIInterfaceOrientationLandscapeRight";
				IPHONEOS_DEPLOYMENT_TARGET = 15.5;
				LD_RUNPATH_SEARCH_PATHS = (
					"$(inherited)",
					"@executable_path/Frameworks",
				);
				MARKETING_VERSION = 1.0;
				PRODUCT_BUNDLE_IDENTIFIER = org.oskey.OSKUICarouselApp;
				PRODUCT_NAME = OSKUICarouselApp;
				SDKROOT = iphoneos;
				SWIFT_EMIT_LOC_STRINGS = YES;
				SWIFT_VERSION = 5.0;
				TARGETED_DEVICE_FAMILY = 1;
				VALIDATE_PRODUCT = YES;
			};
			name = Release;
		};
		79F7E8CA2845FA0700AB778C /* Debug */ = {
			isa = XCBuildConfiguration;
			buildSettings = {
				ASSETCATALOG_COMPILER_APPICON_NAME = AppIcon;
				ASSETCATALOG_COMPILER_GLOBAL_ACCENT_COLOR_NAME = AccentColor;
				CODE_SIGN_ENTITLEMENTS = macOS/macOS.entitlements;
				CODE_SIGN_STYLE = Automatic;
				COMBINE_HIDPI_IMAGES = YES;
				CURRENT_PROJECT_VERSION = 1;
				ENABLE_PREVIEWS = YES;
				GENERATE_INFOPLIST_FILE = YES;
				INFOPLIST_KEY_NSHumanReadableCopyright = "";
				LD_RUNPATH_SEARCH_PATHS = (
					"$(inherited)",
					"@executable_path/../Frameworks",
				);
				MACOSX_DEPLOYMENT_TARGET = 12.3;
				MARKETING_VERSION = 1.0;
				PRODUCT_BUNDLE_IDENTIFIER = org.oskey.OSKUICarouselApp;
				PRODUCT_NAME = OSKUICarouselApp;
				SDKROOT = macosx;
				SWIFT_EMIT_LOC_STRINGS = YES;
				SWIFT_VERSION = 5.0;
			};
			name = Debug;
		};
		79F7E8CB2845FA0700AB778C /* Release */ = {
			isa = XCBuildConfiguration;
			buildSettings = {
				ASSETCATALOG_COMPILER_APPICON_NAME = AppIcon;
				ASSETCATALOG_COMPILER_GLOBAL_ACCENT_COLOR_NAME = AccentColor;
				CODE_SIGN_ENTITLEMENTS = macOS/macOS.entitlements;
				CODE_SIGN_STYLE = Automatic;
				COMBINE_HIDPI_IMAGES = YES;
				CURRENT_PROJECT_VERSION = 1;
				ENABLE_PREVIEWS = YES;
				GENERATE_INFOPLIST_FILE = YES;
				INFOPLIST_KEY_NSHumanReadableCopyright = "";
				LD_RUNPATH_SEARCH_PATHS = (
					"$(inherited)",
					"@executable_path/../Frameworks",
				);
				MACOSX_DEPLOYMENT_TARGET = 12.3;
				MARKETING_VERSION = 1.0;
				PRODUCT_BUNDLE_IDENTIFIER = org.oskey.OSKUICarouselApp;
				PRODUCT_NAME = OSKUICarouselApp;
				SDKROOT = macosx;
				SWIFT_EMIT_LOC_STRINGS = YES;
				SWIFT_VERSION = 5.0;
			};
			name = Release;
		};
/* End XCBuildConfiguration section */

/* Begin XCConfigurationList section */
		79F7E8AC2845FA0600AB778C /* Build configuration list for PBXProject "OSKUICarouselApp" */ = {
			isa = XCConfigurationList;
			buildConfigurations = (
				79F7E8C42845FA0700AB778C /* Debug */,
				79F7E8C52845FA0700AB778C /* Release */,
			);
			defaultConfigurationIsVisible = 0;
			defaultConfigurationName = Release;
		};
		79F7E8C62845FA0700AB778C /* Build configuration list for PBXNativeTarget "OSKUICarouselApp (iOS)" */ = {
			isa = XCConfigurationList;
			buildConfigurations = (
				79F7E8C72845FA0700AB778C /* Debug */,
				79F7E8C82845FA0700AB778C /* Release */,
			);
			defaultConfigurationIsVisible = 0;
			defaultConfigurationName = Release;
		};
		79F7E8C92845FA0700AB778C /* Build configuration list for PBXNativeTarget "OSKUICarouselApp (macOS)" */ = {
			isa = XCConfigurationList;
			buildConfigurations = (
				79F7E8CA2845FA0700AB778C /* Debug */,
				79F7E8CB2845FA0700AB778C /* Release */,
			);
			defaultConfigurationIsVisible = 0;
			defaultConfigurationName = Release;
		};
/* End XCConfigurationList section */

/* Begin XCRemoteSwiftPackageReference section */
		79F7E8CC2845FA5900AB778C /* XCRemoteSwiftPackageReference "swift-ui-carousel-oskey-org" */ = {
			isa = XCRemoteSwiftPackageReference;
			repositoryURL = "https://github.com/oskey-org/swift-ui-carousel-oskey-org";
			requirement = {
				branch = master;
				kind = branch;
			};
		};
/* End XCRemoteSwiftPackageReference section */

/* Begin XCSwiftPackageProductDependency section */
		79F7E8CD2845FA5900AB778C /* OSKUICarousel */ = {
			isa = XCSwiftPackageProductDependency;
			package = 79F7E8CC2845FA5900AB778C /* XCRemoteSwiftPackageReference "swift-ui-carousel-oskey-org" */;
			productName = OSKUICarousel;
		};
/* End XCSwiftPackageProductDependency section */
	};
	rootObject = 79F7E8A92845FA0600AB778C /* Project object */;
}
